
Microsoft Visual Studio Solution File, Format Version 12.00
# Visual Studio Version 17
VisualStudioVersion = 17.7.34024.191
MinimumVisualStudioVersion = 10.0.40219.1
Project("{8BC9CEB8-8B4A-11D0-8D11-00A0C91BC942}") = "bluetooth", "bluetooth.vcxproj", "{C0561CCE-1665-40A5-8D4B-62391B574DE1}"
EndProject
Global
	GlobalSection(SolutionConfigurationPlatforms) = preSolution
		Debug|x64 = Debug|x64
		Debug|x86 = Debug|x86
		Release|x64 = Release|x64
		Release|x86 = Release|x86
	EndGlobalSection
	GlobalSection(ProjectConfigurationPlatforms) = postSolution
		{C0561CCE-1665-40A5-8D4B-62391B574DE1}.Debug|x64.ActiveCfg = Debug|x64
		{C0561CCE-1665-40A5-8D4B-62391B574DE1}.Debug|x64.Build.0 = Debug|x64
		{C0561CCE-1665-40A5-8D4B-62391B574DE1}.Debug|x86.ActiveCfg = Debug|Win32
		{C0561CCE-1665-40A5-8D4B-62391B574DE1}.Debug|x86.Build.0 = Debug|Win32
		{C0561CCE-1665-40A5-8D4B-62391B574DE1}.Release|x64.ActiveCfg = Release|x64
		{C0561CCE-1665-40A5-8D4B-62391B574DE1}.Release|x64.Build.0 = Release|x64
		{C0561CCE-1665-40A5-8D4B-62391B574DE1}.Release|x86.ActiveCfg = Release|Win32
		{C0561CCE-1665-40A5-8D4B-62391B574DE1}.Release|x86.Build.0 = Release|Win32
	EndGlobalSection
	GlobalSection(SolutionProperties) = preSolution
		HideSolutionNode = FALSE
	EndGlobalSection
	GlobalSection(ExtensibilityGlobals) = postSolution
		SolutionGuid = {FA8D1BE5-4CDB-465A-99AC-30244A6B6252}
	EndGlobalSection
EndGlobal
